
Microsoft Visual Studio Solution File, Format Version 12.00
# Visual Studio 15
VisualStudioVersion = 15.0.28307.705
MinimumVisualStudioVersion = 10.0.40219.1
Project("{FAE04EC0-301F-11D3-BF4B-00C04F79EFBC}") = "testApp", "testApp\testApp.csproj", "{C18ABD4A-C359-4A10-B658-CB89455679CC}"
EndProject
Global
	GlobalSection(SolutionConfigurationPlatforms) = preSolution
		Debug|Any CPU = Debug|Any CPU
		Release|Any CPU = Release|Any CPU
	EndGlobalSection
	GlobalSection(ProjectConfigurationPlatforms) = postSolution
		{C18ABD4A-C359-4A10-B658-CB89455679CC}.Debug|Any CPU.ActiveCfg = Debug|Any CPU
		{C18ABD4A-C359-4A10-B658-CB89455679CC}.Debug|Any CPU.Build.0 = Debug|Any CPU
		{C18ABD4A-C359-4A10-B658-CB89455679CC}.Release|Any CPU.ActiveCfg = Release|Any CPU
		{C18ABD4A-C359-4A10-B658-CB89455679CC}.Release|Any CPU.Build.0 = Release|Any CPU
	EndGlobalSection
	GlobalSection(SolutionProperties) = preSolution
		HideSolutionNode = FALSE
	EndGlobalSection
	GlobalSection(ExtensibilityGlobals) = postSolution
		SolutionGuid = {E9EA11D6-9CE8-4870-8544-751A427DF8A6}
	EndGlobalSection
EndGlobal
